{
  "object": {
    "pins": [
      {
        "package": "Commander",
        "repositoryURL": "https://github.com/kylef/Commander.git",
        "state": {
          "branch": null,
          "revision": "4b6133c3071d521489a80c38fb92d7983f19d438",
          "version": "0.9.1"
        }
      },
      {
        "package": "Config.swift",
        "repositoryURL": "https://github.com/kradalby/Config.swift.git",
        "state": {
          "branch": null,
          "revision": "b7c69de3556a683cf1f8146fe6737a44a3c135ac",
          "version": "0.0.2"
        }
      },
      {
        "package": "Logger.swift",
        "repositoryURL": "https://github.com/kradalby/Logger.swift.git",
        "state": {
          "branch": null,
          "revision": "5ee3872802d4e4d44e0bd5406d78fe0e4bb999a6",
          "version": "0.0.7"
        }
      },
      {
        "package": "Progress",
        "repositoryURL": "https://github.com/jkandzi/Progress.swift",
        "state": {
          "branch": null,
          "revision": "fed6598735d7982058690acf8f52a0a5fdaeb3e0",
          "version": "0.4.0"
        }
      },
      {
        "package": "Queuer",
        "repositoryURL": "https://github.com/FabrizioBrancati/Queuer.git",
        "state": {
          "branch": null,
          "revision": "52515108d0ac4616d9e15ffcc7ad986e300d31ff",
          "version": "2.1.1"
        }
      },
      {
        "package": "Rainbow",
        "repositoryURL": "https://github.com/onevcat/Rainbow",
        "state": {
          "branch": null,
          "revision": "9c52c1952e9b2305d4507cf473392ac2d7c9b155",
          "version": "3.1.5"
        }
      },
      {
        "package": "Spectre",
        "repositoryURL": "https://github.com/kylef/Spectre.git",
        "state": {
          "branch": null,
          "revision": "f14ff47f45642aa5703900980b014c2e9394b6e5",
          "version": "0.9.0"
        }
      },
      {
        "package": "SwiftExif",
        "repositoryURL": "https://github.com/kradalby/SwiftExif.git",
        "state": {
          "branch": null,
          "revision": "b6a91489ab85a4bc85367702faeba3c936786f57",
          "version": "0.0.3"
        }
      },
      {
        "package": "SwiftGD",
        "repositoryURL": "https://github.com/twostraws/SwiftGD.git",
        "state": {
          "branch": null,
          "revision": "1960998971b453101e740f25bc6d9fb01e0ba225",
          "version": "2.5.0"
        }
      }
    ]
  },
  "version": 1
}
