{
  "originHash" : "87dc55484ef23127e586d5dee841e886d480ec4101a203cd4c8a88be38472167",
  "pins" : [
    {
      "identity" : "rainbow",
      "kind" : "remoteSourceControl",
      "location" : "https://github.com/onevcat/Rainbow.git",
      "state" : {
        "revision" : "e0dada9cd44e3fa7ec3b867e49a8ddbf543e3df3",
        "version" : "4.0.1"
      }
    },
    {
      "identity" : "swift-argument-parser",
      "kind" : "remoteSourceControl",
      "location" : "https://github.com/apple/swift-argument-parser.git",
      "state" : {
        "revision" : "309a47b2b1d9b5e991f36961c983ecec72275be3",
        "version" : "1.6.1"
      }
    },
    {
      "identity" : "swift-log",
      "kind" : "remoteSourceControl",
      "location" : "https://github.com/apple/swift-log.git",
      "state" : {
        "revision" : "9cb486020ebf03bfa5b5df985387a14a98744537",
        "version" : "1.6.1"
      }
    },
    {
      "identity" : "swift-vips",
      "kind" : "remoteSourceControl",
      "location" : "https://github.com/t089/swift-vips.git",
      "state" : {
        "branch" : "main",
        "revision" : "64de10a0e71366c5ac7b905123898a31b37e31a7"
      }
    },
    {
      "identity" : "swiftexif",
      "kind" : "remoteSourceControl",
      "location" : "https://github.com/kradalby/SwiftExif.git",
      "state" : {
        "revision" : "ab83faa56618d14678279d3c93bb2fbc9070cb2b",
        "version" : "0.0.7"
      }
    }
  ],
  "version" : 3
}
