{
  "pins" : [
    {
      "identity" : "configuration",
      "kind" : "remoteSourceControl",
      "location" : "https://github.com/Kitura/Configuration.git",
      "state" : {
        "revision" : "26c60e7a0574cb70611877f092c6fbf0a9345d04",
        "version" : "3.0.200"
      }
    },
    {
      "identity" : "filekit",
      "kind" : "remoteSourceControl",
      "location" : "https://github.com/Kitura/FileKit.git",
      "state" : {
        "revision" : "58fdf8ab291c800dc57528c997192eb3437ab607",
        "version" : "0.0.200"
      }
    },
    {
      "identity" : "loggerapi",
      "kind" : "remoteSourceControl",
      "location" : "https://github.com/Kitura/LoggerAPI.git",
      "state" : {
        "revision" : "e82d34eab3f0b05391082b11ea07d3b70d2f65bb",
        "version" : "1.9.200"
      }
    },
    {
      "identity" : "magickwand",
      "kind" : "remoteSourceControl",
      "location" : "https://github.com/kradalby/MagickWand.git",
      "state" : {
        "revision" : "86b03e24e8876168f8738e1aa2b77dfbeb036a96",
        "version" : "0.0.1"
      }
    },
    {
      "identity" : "rainbow",
      "kind" : "remoteSourceControl",
      "location" : "https://github.com/onevcat/Rainbow",
      "state" : {
        "revision" : "e0dada9cd44e3fa7ec3b867e49a8ddbf543e3df3",
        "version" : "4.0.1"
      }
    },
    {
      "identity" : "swift-argument-parser",
      "kind" : "remoteSourceControl",
      "location" : "https://github.com/apple/swift-argument-parser",
      "state" : {
        "revision" : "e394bf350e38cb100b6bc4172834770ede1b7232",
        "version" : "1.0.3"
      }
    },
    {
      "identity" : "swift-log",
      "kind" : "remoteSourceControl",
      "location" : "https://github.com/apple/swift-log.git",
      "state" : {
        "revision" : "5d66f7ba25daf4f94100e7022febf3c75e37a6c7",
        "version" : "1.4.2"
      }
    },
    {
      "identity" : "swift-system",
      "kind" : "remoteSourceControl",
      "location" : "https://github.com/apple/swift-system.git",
      "state" : {
        "revision" : "836bc4557b74fe6d2660218d56e3ce96aff76574",
        "version" : "1.1.1"
      }
    },
    {
      "identity" : "swift-tools-support-core",
      "kind" : "remoteSourceControl",
      "location" : "https://github.com/apple/swift-tools-support-core.git",
      "state" : {
        "revision" : "284a41800b7c5565512ec6ae21ee818aac1f84ac",
        "version" : "0.4.0"
      }
    },
    {
      "identity" : "swiftexif",
      "kind" : "remoteSourceControl",
      "location" : "https://github.com/kradalby/SwiftExif.git",
      "state" : {
        "revision" : "ab83faa56618d14678279d3c93bb2fbc9070cb2b",
        "version" : "0.0.7"
      }
    }
  ],
  "version" : 2
}
